
Microsoft Visual Studio Solution File, Format Version 12.00
# Visual Studio Version 16
VisualStudioVersion = 16.0.30128.74
MinimumVisualStudioVersion = 10.0.40219.1
Project("{FAE04EC0-301F-11D3-BF4B-00C04F79EFBC}") = "FrankLaumann.Web", "FrankLaumann.Web\FrankLaumann.Web.csproj", "{3520B84F-494A-4E21-90C7-37C9BB9735F9}"
EndProject
Global
	GlobalSection(SolutionConfigurationPlatforms) = preSolution
		Debug|Any CPU = Debug|Any CPU
		Release|Any CPU = Release|Any CPU
	EndGlobalSection
	GlobalSection(ProjectConfigurationPlatforms) = postSolution
		{3520B84F-494A-4E21-90C7-37C9BB9735F9}.Debug|Any CPU.ActiveCfg = Debug|Any CPU
		{3520B84F-494A-4E21-90C7-37C9BB9735F9}.Debug|Any CPU.Build.0 = Debug|Any CPU
		{3520B84F-494A-4E21-90C7-37C9BB9735F9}.Release|Any CPU.ActiveCfg = Release|Any CPU
		{3520B84F-494A-4E21-90C7-37C9BB9735F9}.Release|Any CPU.Build.0 = Release|Any CPU
	EndGlobalSection
	GlobalSection(SolutionProperties) = preSolution
		HideSolutionNode = FALSE
	EndGlobalSection
	GlobalSection(ExtensibilityGlobals) = postSolution
		SolutionGuid = {B050D6DA-E924-4B36-A090-2B8961A12386}
	EndGlobalSection
EndGlobal
